
Microsoft Visual Studio Solution File, Format Version 12.00
# Visual Studio Version 17
VisualStudioVersion = 17.0.31903.59
MinimumVisualStudioVersion = 10.0.40219.1
Project("{778DAE3C-4631-46EA-AA77-85C1314464D9}") = "WecErp.Desktop", "src\WecErp.Desktop\WecErp.Desktop.vbproj", "{2D2A7E4C-4B9D-4F1B-9B0E-9C4F7E5A1001}"
EndProject
Project("{FAE04EC0-301F-11D3-BF4B-00C04F79EFBC}") = "WecErp.Api", "src\WecErp.Api\WecErp.Api.csproj", "{2D2A7E4C-4B9D-4F1B-9B0E-9C4F7E5A1002}"
EndProject
Project("{FAE04EC0-301F-11D3-BF4B-00C04F79EFBC}") = "WecErp.Api.Tests", "tests\WecErp.Api.Tests\WecErp.Api.Tests.csproj", "{B7A84F2E-DA11-4B6F-9B84-CCB5C6E7D221}"
EndProject
Project("{778DAE3C-4631-46EA-AA77-85C1314464D9}") = "WecErp.Domain", "src\WecErp.Domain\WecErp.Domain.vbproj", "{2D2A7E4C-4B9D-4F1B-9B0E-9C4F7E5A1003}"
EndProject
Project("{778DAE3C-4631-46EA-AA77-85C1314464D9}") = "WecErp.Application", "src\WecErp.Application\WecErp.Application.vbproj", "{2D2A7E4C-4B9D-4F1B-9B0E-9C4F7E5A1004}"
EndProject
Project("{778DAE3C-4631-46EA-AA77-85C1314464D9}") = "WecErp.Infrastructure", "src\WecErp.Infrastructure\WecErp.Infrastructure.vbproj", "{2D2A7E4C-4B9D-4F1B-9B0E-9C4F7E5A1005}"
EndProject
Project("{778DAE3C-4631-46EA-AA77-85C1314464D9}") = "WecErp.Application.Tests", "tests\WecErp.Application.Tests\WecErp.Application.Tests.vbproj", "{2D2A7E4C-4B9D-4F1B-9B0E-9C4F7E5A1006}"
EndProject
Project("{FAE04EC0-301F-11D3-BF4B-00C04F79EFBC}") = "WecErp.Infrastructure.Migrations", "src\WecErp.Infrastructure.Migrations\WecErp.Infrastructure.Migrations.csproj", "{9A6A2E14-6B61-4C4D-8F8A-4A5B7E9D1100}"
EndProject
Global
	GlobalSection(SolutionConfigurationPlatforms) = preSolution
		Debug|Any CPU = Debug|Any CPU
		Release|Any CPU = Release|Any CPU
	EndGlobalSection
	GlobalSection(ProjectConfigurationPlatforms) = postSolution
		{9A6A2E14-6B61-4C4D-8F8A-4A5B7E9D1100}.Debug|Any CPU.ActiveCfg = Debug|Any CPU
		{9A6A2E14-6B61-4C4D-8F8A-4A5B7E9D1100}.Debug|Any CPU.Build.0 = Debug|Any CPU
		{9A6A2E14-6B61-4C4D-8F8A-4A5B7E9D1100}.Release|Any CPU.ActiveCfg = Release|Any CPU
		{9A6A2E14-6B61-4C4D-8F8A-4A5B7E9D1100}.Release|Any CPU.Build.0 = Release|Any CPU
		{2D2A7E4C-4B9D-4F1B-9B0E-9C4F7E5A1001}.Debug|Any CPU.ActiveCfg = Debug|Any CPU
		{2D2A7E4C-4B9D-4F1B-9B0E-9C4F7E5A1001}.Debug|Any CPU.Build.0 = Debug|Any CPU
		{2D2A7E4C-4B9D-4F1B-9B0E-9C4F7E5A1001}.Release|Any CPU.ActiveCfg = Release|Any CPU
		{2D2A7E4C-4B9D-4F1B-9B0E-9C4F7E5A1001}.Release|Any CPU.Build.0 = Release|Any CPU
		{2D2A7E4C-4B9D-4F1B-9B0E-9C4F7E5A1002}.Debug|Any CPU.ActiveCfg = Debug|Any CPU
		{2D2A7E4C-4B9D-4F1B-9B0E-9C4F7E5A1002}.Debug|Any CPU.Build.0 = Debug|Any CPU
		{2D2A7E4C-4B9D-4F1B-9B0E-9C4F7E5A1002}.Release|Any CPU.ActiveCfg = Release|Any CPU
		{2D2A7E4C-4B9D-4F1B-9B0E-9C4F7E5A1002}.Release|Any CPU.Build.0 = Release|Any CPU
		{2D2A7E4C-4B9D-4F1B-9B0E-9C4F7E5A1003}.Debug|Any CPU.ActiveCfg = Debug|Any CPU
		{2D2A7E4C-4B9D-4F1B-9B0E-9C4F7E5A1003}.Debug|Any CPU.Build.0 = Debug|Any CPU
		{2D2A7E4C-4B9D-4F1B-9B0E-9C4F7E5A1003}.Release|Any CPU.ActiveCfg = Release|Any CPU
		{2D2A7E4C-4B9D-4F1B-9B0E-9C4F7E5A1003}.Release|Any CPU.Build.0 = Release|Any CPU
		{2D2A7E4C-4B9D-4F1B-9B0E-9C4F7E5A1004}.Debug|Any CPU.ActiveCfg = Debug|Any CPU
		{2D2A7E4C-4B9D-4F1B-9B0E-9C4F7E5A1004}.Debug|Any CPU.Build.0 = Debug|Any CPU
		{2D2A7E4C-4B9D-4F1B-9B0E-9C4F7E5A1004}.Release|Any CPU.ActiveCfg = Release|Any CPU
		{2D2A7E4C-4B9D-4F1B-9C4F7E5A1004}.Release|Any CPU.Build.0 = Release|Any CPU
		{2D2A7E4C-4B9D-4F1B-9C4F7E5A1005}.Debug|Any CPU.ActiveCfg = Debug|Any CPU
		{2D2A7E4C-4B9D-4F1B-9C4F7E5A1005}.Debug|Any CPU.Build.0 = Debug|Any CPU
		{2D2A7E4C-4B9D-4F1B-9C4F7E5A1005}.Release|Any CPU.ActiveCfg = Release|Any CPU
		{2D2A7E4C-4B9D-4F1B-9C4F7E5A1005}.Release|Any CPU.Build.0 = Release|Any CPU
		{2D2A7E4C-4B9D-4F1B-9C4F7E5A1006}.Debug|Any CPU.ActiveCfg = Debug|Any CPU
		{2D2A7E4C-4B9D-4F1B-9C4F7E5A1006}.Debug|Any CPU.Build.0 = Debug|Any CPU
		{2D2A7E4C-4B9D-4F1B-9C4F7E5A1006}.Release|Any CPU.ActiveCfg = Release|Any CPU
		{2D2A7E4C-4B9D-4F1B-9C4F7E5A1006}.Release|Any CPU.Build.0 = Release|Any CPU
	EndGlobalSection
EndGlobal
